
Microsoft Visual Studio Solution File, Format Version 12.00
# Visual Studio 2012
Project("{FAE04EC0-301F-11D3-BF4B-00C04F79EFBC}") = "CustomerTracker.Web", "CustomerTracker.Web\CustomerTracker.Web.csproj", "{BFA5BFFE-1D13-4DF4-8D0E-904C02B78321}"
EndProject
Project("{2150E333-8FDC-42A3-9474-1A3956D46DE8}") = "Solution Items", "Solution Items", "{1BB73DE9-B316-4C82-AE89-6FD12D674CD9}"
	ProjectSection(SolutionItems) = preProject
		notes.txt = notes.txt
	EndProjectSection
EndProject
Project("{FAE04EC0-301F-11D3-BF4B-00C04F79EFBC}") = "CustomerTracker.ClientControllerService", "CustomerTracker.ClientControllerService\CustomerTracker.ClientControllerService.csproj", "{2A6B6254-12A7-4F5C-9F26-764A41EC25A4}"
EndProject
Project("{FAE04EC0-301F-11D3-BF4B-00C04F79EFBC}") = "CustomerTracker.ApiService", "CustomerTracker.ApiService\CustomerTracker.ApiService.csproj", "{68E129C3-7270-46B5-BA3E-8F11B8F6DE51}"
EndProject
Project("{2150E333-8FDC-42A3-9474-1A3956D46DE8}") = "Tools", "Tools", "{C497428F-138A-4681-99F5-57E29C4EE99F}"
EndProject
Project("{FAE04EC0-301F-11D3-BF4B-00C04F79EFBC}") = "CustomerTracker.Data", "CustomerTracker.Data\CustomerTracker.Data.csproj", "{75916DE7-4C22-45D9-8C40-0A7DAA0A2FC4}"
EndProject
Project("{FAE04EC0-301F-11D3-BF4B-00C04F79EFBC}") = "CustomerTracker.Common", "CustomerTracker.Common\CustomerTracker.Common.csproj", "{AAD227F2-E19E-47DC-9B1B-1D9007D3ED4B}"
EndProject
Project("{2150E333-8FDC-42A3-9474-1A3956D46DE8}") = "WebProject", "WebProject", "{05B3C829-AA43-45BC-9630-A0F031CF4766}"
EndProject
Global
	GlobalSection(SolutionConfigurationPlatforms) = preSolution
		Debug|Any CPU = Debug|Any CPU
		Release|Any CPU = Release|Any CPU
	EndGlobalSection
	GlobalSection(ProjectConfigurationPlatforms) = postSolution
		{BFA5BFFE-1D13-4DF4-8D0E-904C02B78321}.Debug|Any CPU.ActiveCfg = Debug|Any CPU
		{BFA5BFFE-1D13-4DF4-8D0E-904C02B78321}.Debug|Any CPU.Build.0 = Debug|Any CPU
		{BFA5BFFE-1D13-4DF4-8D0E-904C02B78321}.Release|Any CPU.ActiveCfg = Release|Any CPU
		{BFA5BFFE-1D13-4DF4-8D0E-904C02B78321}.Release|Any CPU.Build.0 = Release|Any CPU
		{2A6B6254-12A7-4F5C-9F26-764A41EC25A4}.Debug|Any CPU.ActiveCfg = Debug|Any CPU
		{2A6B6254-12A7-4F5C-9F26-764A41EC25A4}.Debug|Any CPU.Build.0 = Debug|Any CPU
		{2A6B6254-12A7-4F5C-9F26-764A41EC25A4}.Release|Any CPU.ActiveCfg = Release|Any CPU
		{2A6B6254-12A7-4F5C-9F26-764A41EC25A4}.Release|Any CPU.Build.0 = Release|Any CPU
		{68E129C3-7270-46B5-BA3E-8F11B8F6DE51}.Debug|Any CPU.ActiveCfg = Debug|Any CPU
		{68E129C3-7270-46B5-BA3E-8F11B8F6DE51}.Debug|Any CPU.Build.0 = Debug|Any CPU
		{68E129C3-7270-46B5-BA3E-8F11B8F6DE51}.Release|Any CPU.ActiveCfg = Release|Any CPU
		{68E129C3-7270-46B5-BA3E-8F11B8F6DE51}.Release|Any CPU.Build.0 = Release|Any CPU
		{75916DE7-4C22-45D9-8C40-0A7DAA0A2FC4}.Debug|Any CPU.ActiveCfg = Debug|Any CPU
		{75916DE7-4C22-45D9-8C40-0A7DAA0A2FC4}.Debug|Any CPU.Build.0 = Debug|Any CPU
		{75916DE7-4C22-45D9-8C40-0A7DAA0A2FC4}.Release|Any CPU.ActiveCfg = Release|Any CPU
		{75916DE7-4C22-45D9-8C40-0A7DAA0A2FC4}.Release|Any CPU.Build.0 = Release|Any CPU
		{AAD227F2-E19E-47DC-9B1B-1D9007D3ED4B}.Debug|Any CPU.ActiveCfg = Debug|Any CPU
		{AAD227F2-E19E-47DC-9B1B-1D9007D3ED4B}.Debug|Any CPU.Build.0 = Debug|Any CPU
		{AAD227F2-E19E-47DC-9B1B-1D9007D3ED4B}.Release|Any CPU.ActiveCfg = Release|Any CPU
		{AAD227F2-E19E-47DC-9B1B-1D9007D3ED4B}.Release|Any CPU.Build.0 = Release|Any CPU
	EndGlobalSection
	GlobalSection(SolutionProperties) = preSolution
		HideSolutionNode = FALSE
	EndGlobalSection
	GlobalSection(NestedProjects) = preSolution
		{2A6B6254-12A7-4F5C-9F26-764A41EC25A4} = {C497428F-138A-4681-99F5-57E29C4EE99F}
		{68E129C3-7270-46B5-BA3E-8F11B8F6DE51} = {C497428F-138A-4681-99F5-57E29C4EE99F}
		{BFA5BFFE-1D13-4DF4-8D0E-904C02B78321} = {05B3C829-AA43-45BC-9630-A0F031CF4766}
		{AAD227F2-E19E-47DC-9B1B-1D9007D3ED4B} = {05B3C829-AA43-45BC-9630-A0F031CF4766}
		{75916DE7-4C22-45D9-8C40-0A7DAA0A2FC4} = {05B3C829-AA43-45BC-9630-A0F031CF4766}
	EndGlobalSection
EndGlobal
